<?xml version="1.0" encoding="utf-8"?>
<Project ToolsVersion="4.0" xmlns="http://schemas.microsoft.com/developer/msbuild/2003">
  <ItemGroup>
    <Filter Include="Source Files">
      <UniqueIdentifier>{4FC737F1-C7A5-4376-A066-2A32D752A2FF}</UniqueIdentifier>
      <Extensions>cpp;c;cc;cxx;c++;cppm;ixx;def;odl;idl;hpj;bat;asm;asmx</Extensions>
    </Filter>
    <Filter Include="Header Files">
      <UniqueIdentifier>{93995380-89BD-4b04-88EB-625FBE52EBFB}</UniqueIdentifier>
      <Extensions>h;hh;hpp;hxx;h++;hm;inl;inc;ipp;xsd</Extensions>
    </Filter>
    <Filter Include="Resource Files">
      <UniqueIdentifier>{67DA6AB6-F800-4c08-8B7A-83BB121AAD01}</UniqueIdentifier>
      <Extensions>rc;ico;cur;bmp;dlg;rc2;rct;bin;rgs;gif;jpg;jpeg;jpe;resx;tiff;tif;png;wav;mfcribbon-ms</Extensions>
    </Filter>
  </ItemGroup>
  <ItemGroup>
    <ClCompile Include="Assignment2.cpp">
      <Filter>Source Files</Filter>
    </ClCompile>
    <ClCompile Include="Array.cpp">
      <Filter>Source Files</Filter>
    </ClCompile>
    <ClCompile Include="ArrayBase.cpp">
      <Filter>Source Files</Filter>
    </ClCompile>
    <ClCompile Include="Fixed_Array.cpp">
      <Filter>Source Files</Filter>
    </ClCompile>
    <ClCompile Include="Queue.cpp">
      <Filter>Source Files</Filter>
    </ClCompile>
    <ClCompile Include="Stack.cpp">
      <Filter>Source Files</Filter>
    </ClCompile>
    <ClCompile Include="addCommand.cpp">
      <Filter>Source Files</Filter>
    </ClCompile>
    <ClCompile Include="Binary_Op_Command.cpp">
      <Filter>Source Files</Filter>
    </ClCompile>
    <ClCompile Include="subtractCommand.cpp">
      <Filter>Source Files</Filter>
    </ClCompile>
    <ClCompile Include="multiplyCommand.cpp">
      <Filter>Source Files</Filter>
    </ClCompile>
    <ClCompile Include="divisionCommand.cpp">
      <Filter>Source Files</Filter>
    </ClCompile>
    <ClCompile Include="exe.cpp">
      <Filter>Source Files</Filter>
    </ClCompile>
    <ClCompile Include="modCommand.cpp">
      <Filter>Source Files</Filter>
    </ClCompile>
    <ClCompile Include="numberCommand.h">
      <Filter>Header Files</Filter>
    </ClCompile>
    <ClCompile Include="numberCommand.cpp">
      <Filter>Source Files</Filter>
    </ClCompile>
    <ClCompile Include="stackExprCommandFactory.cpp">
      <Filter>Source Files</Filter>
    </ClCompile>
  </ItemGroup>
  <ItemGroup>
    <None Include="..\csci36300-fall2021-composition\Makefile">
      <Filter>Resource Files</Filter>
    </None>
    <None Include="..\csci36300-fall2021-composition\Makefile.assignment2.mak">
      <Filter>Resource Files</Filter>
    </None>
    <None Include="..\csci36300-fall2021-composition\assignment2.mpc">
      <Filter>Resource Files</Filter>
    </None>
    <None Include="..\csci36300-fall2021-composition\deductions.md">
      <Filter>Resource Files</Filter>
    </None>
    <None Include="Array.inl">
      <Filter>Source Files</Filter>
    </None>
    <None Include="ArrayBase.inl">
      <Filter>Source Files</Filter>
    </None>
    <None Include="Fixed_Array.inl">
      <Filter>Source Files</Filter>
    </None>
    <None Include="Stack.inl">
      <Filter>Source Files</Filter>
    </None>
  </ItemGroup>
  <ItemGroup>
    <ClInclude Include="Array.h">
      <Filter>Header Files</Filter>
    </ClInclude>
    <ClInclude Include="ArrayBase.h">
      <Filter>Header Files</Filter>
    </ClInclude>
    <ClInclude Include="Fixed_Array.h">
      <Filter>Header Files</Filter>
    </ClInclude>
    <ClInclude Include="Queue.h">
      <Filter>Header Files</Filter>
    </ClInclude>
    <ClInclude Include="Stack.h">
      <Filter>Header Files</Filter>
    </ClInclude>
    <ClInclude Include="Expr_Command.h">
      <Filter>Header Files</Filter>
    </ClInclude>
    <ClInclude Include="Binary_Op_Command.h">
      <Filter>Header Files</Filter>
    </ClInclude>
    <ClInclude Include="addCommand.h">
      <Filter>Header Files</Filter>
    </ClInclude>
    <ClInclude Include="subtractCommand.h">
      <Filter>Header Files</Filter>
    </ClInclude>
    <ClInclude Include="multiplyCommand.h">
      <Filter>Header Files</Filter>
    </ClInclude>
    <ClInclude Include="divisionCommand.h">
      <Filter>Header Files</Filter>
    </ClInclude>
    <ClInclude Include="exe.h">
      <Filter>Header Files</Filter>
    </ClInclude>
    <ClInclude Include="modCommand.h">
      <Filter>Header Files</Filter>
    </ClInclude>
    <ClInclude Include="stackExprCommandFactory.h">
      <Filter>Header Files</Filter>
    </ClInclude>
    <ClInclude Include="exprCommandFactory.h">
      <Filter>Header Files</Filter>
    </ClInclude>
  </ItemGroup>
</Project>